
Microsoft Visual Studio Solution File, Format Version 12.00
# Visual Studio Version 16
VisualStudioVersion = 16.0.31019.35
MinimumVisualStudioVersion = 10.0.40219.1
Project("{8BC9CEB8-8B4A-11D0-8D11-00A0C91BC942}") = "Tetris", "Tetris\Tetris.vcxproj", "{24027FB4-3429-4648-B69B-810D897BD345}"
EndProject
Global
	GlobalSection(SolutionConfigurationPlatforms) = preSolution
		Debug|x64 = Debug|x64
		Debug|x86 = Debug|x86
		Release|x64 = Release|x64
		Release|x86 = Release|x86
	EndGlobalSection
	GlobalSection(ProjectConfigurationPlatforms) = postSolution
		{24027FB4-3429-4648-B69B-810D897BD345}.Debug|x64.ActiveCfg = Debug|x64
		{24027FB4-3429-4648-B69B-810D897BD345}.Debug|x64.Build.0 = Debug|x64
		{24027FB4-3429-4648-B69B-810D897BD345}.Debug|x86.ActiveCfg = Debug|Win32
		{24027FB4-3429-4648-B69B-810D897BD345}.Debug|x86.Build.0 = Debug|Win32
		{24027FB4-3429-4648-B69B-810D897BD345}.Release|x64.ActiveCfg = Release|x64
		{24027FB4-3429-4648-B69B-810D897BD345}.Release|x64.Build.0 = Release|x64
		{24027FB4-3429-4648-B69B-810D897BD345}.Release|x86.ActiveCfg = Release|Win32
		{24027FB4-3429-4648-B69B-810D897BD345}.Release|x86.Build.0 = Release|Win32
	EndGlobalSection
	GlobalSection(SolutionProperties) = preSolution
		HideSolutionNode = FALSE
	EndGlobalSection
	GlobalSection(ExtensibilityGlobals) = postSolution
		SolutionGuid = {84EC7DCB-9D24-420F-9215-853E7B1228B2}
	EndGlobalSection
EndGlobal
